
Microsoft Visual Studio Solution File, Format Version 12.00
# Visual Studio Version 16
VisualStudioVersion = 16.0.31005.135
MinimumVisualStudioVersion = 10.0.40219.1
Project("{FAE04EC0-301F-11D3-BF4B-00C04F79EFBC}") = "Practise4-2-CreatingDataTable", "Practise4-2-CreatingDataTable\Practise4-2-CreatingDataTable.csproj", "{43980A05-640F-4DEE-ADDD-C8A42CF4BC0B}"
EndProject
Global
	GlobalSection(SolutionConfigurationPlatforms) = preSolution
		Debug|Any CPU = Debug|Any CPU
		Release|Any CPU = Release|Any CPU
	EndGlobalSection
	GlobalSection(ProjectConfigurationPlatforms) = postSolution
		{43980A05-640F-4DEE-ADDD-C8A42CF4BC0B}.Debug|Any CPU.ActiveCfg = Debug|Any CPU
		{43980A05-640F-4DEE-ADDD-C8A42CF4BC0B}.Debug|Any CPU.Build.0 = Debug|Any CPU
		{43980A05-640F-4DEE-ADDD-C8A42CF4BC0B}.Release|Any CPU.ActiveCfg = Release|Any CPU
		{43980A05-640F-4DEE-ADDD-C8A42CF4BC0B}.Release|Any CPU.Build.0 = Release|Any CPU
	EndGlobalSection
	GlobalSection(SolutionProperties) = preSolution
		HideSolutionNode = FALSE
	EndGlobalSection
	GlobalSection(ExtensibilityGlobals) = postSolution
		SolutionGuid = {D78D4D14-2BAB-44A7-99F1-B56DC4D5B643}
	EndGlobalSection
EndGlobal
