
Microsoft Visual Studio Solution File, Format Version 12.00
# Visual Studio Version 16
VisualStudioVersion = 16.0.31005.135
MinimumVisualStudioVersion = 10.0.40219.1
Project("{FAE04EC0-301F-11D3-BF4B-00C04F79EFBC}") = "Prac4-Task-6-DataViewExample", "Prac4-Task-6-DataViewExample\Prac4-Task-6-DataViewExample.csproj", "{60F2F387-E482-4D60-A0B8-46D4111CBE46}"
EndProject
Global
	GlobalSection(SolutionConfigurationPlatforms) = preSolution
		Debug|Any CPU = Debug|Any CPU
		Release|Any CPU = Release|Any CPU
	EndGlobalSection
	GlobalSection(ProjectConfigurationPlatforms) = postSolution
		{60F2F387-E482-4D60-A0B8-46D4111CBE46}.Debug|Any CPU.ActiveCfg = Debug|Any CPU
		{60F2F387-E482-4D60-A0B8-46D4111CBE46}.Debug|Any CPU.Build.0 = Debug|Any CPU
		{60F2F387-E482-4D60-A0B8-46D4111CBE46}.Release|Any CPU.ActiveCfg = Release|Any CPU
		{60F2F387-E482-4D60-A0B8-46D4111CBE46}.Release|Any CPU.Build.0 = Release|Any CPU
	EndGlobalSection
	GlobalSection(SolutionProperties) = preSolution
		HideSolutionNode = FALSE
	EndGlobalSection
	GlobalSection(ExtensibilityGlobals) = postSolution
		SolutionGuid = {3B044E23-F560-4EFD-9552-932B70AA6C8C}
	EndGlobalSection
EndGlobal
